
Microsoft Visual Studio Solution File, Format Version 12.00
# Visual Studio Version 16
VisualStudioVersion = 16.0.31424.327
MinimumVisualStudioVersion = 10.0.40219.1
Project("{FAE04EC0-301F-11D3-BF4B-00C04F79EFBC}") = "eTickets", "eTickets.csproj", "{5F1E8002-1A43-440D-B8D1-DAAFDED0D0F0}"
EndProject
Global
	GlobalSection(SolutionConfigurationPlatforms) = preSolution
		Debug|Any CPU = Debug|Any CPU
		Release|Any CPU = Release|Any CPU
	EndGlobalSection
	GlobalSection(ProjectConfigurationPlatforms) = postSolution
		{5F1E8002-1A43-440D-B8D1-DAAFDED0D0F0}.Debug|Any CPU.ActiveCfg = Debug|Any CPU
		{5F1E8002-1A43-440D-B8D1-DAAFDED0D0F0}.Debug|Any CPU.Build.0 = Debug|Any CPU
		{5F1E8002-1A43-440D-B8D1-DAAFDED0D0F0}.Release|Any CPU.ActiveCfg = Release|Any CPU
		{5F1E8002-1A43-440D-B8D1-DAAFDED0D0F0}.Release|Any CPU.Build.0 = Release|Any CPU
	EndGlobalSection
	GlobalSection(SolutionProperties) = preSolution
		HideSolutionNode = FALSE
	EndGlobalSection
	GlobalSection(ExtensibilityGlobals) = postSolution
		SolutionGuid = {2EABC3DD-D9FB-42AA-A699-3F09A6764EE7}
	EndGlobalSection
EndGlobal
